
Microsoft Visual Studio Solution File, Format Version 11.00
# Visual Studio 2010
Project("{FAE04EC0-301F-11D3-BF4B-00C04F79EFBC}") = "TShockDBEditor", "TShockDBEditor.csproj", "{F1AE395C-6B4D-40E0-8BF8-0D8A126488D3}"
EndProject
Global
	GlobalSection(SolutionConfigurationPlatforms) = preSolution
		Debug|x86 = Debug|x86
		Release|x86 = Release|x86
	EndGlobalSection
	GlobalSection(ProjectConfigurationPlatforms) = postSolution
		{F1AE395C-6B4D-40E0-8BF8-0D8A126488D3}.Debug|x86.ActiveCfg = Debug|x86
		{F1AE395C-6B4D-40E0-8BF8-0D8A126488D3}.Debug|x86.Build.0 = Debug|x86
		{F1AE395C-6B4D-40E0-8BF8-0D8A126488D3}.Release|x86.ActiveCfg = Release|x86
		{F1AE395C-6B4D-40E0-8BF8-0D8A126488D3}.Release|x86.Build.0 = Release|x86
	EndGlobalSection
	GlobalSection(SolutionProperties) = preSolution
		HideSolutionNode = FALSE
	EndGlobalSection
EndGlobal
